
Microsoft Visual Studio Solution File, Format Version 12.00
# Visual Studio 15
VisualStudioVersion = 15.0.27428.2027
MinimumVisualStudioVersion = 10.0.40219.1
Project("{FAE04EC0-301F-11D3-BF4B-00C04F79EFBC}") = "Context", "Context\Context.csproj", "{33A9666B-57A0-490E-9F28-627CDECD83DC}"
EndProject
Project("{FAE04EC0-301F-11D3-BF4B-00C04F79EFBC}") = "Context.Tests", "Context.Tests\Context.Tests.csproj", "{A6892D60-3D37-4BB6-AAFC-F68AD32119C1}"
EndProject
Global
	GlobalSection(SolutionConfigurationPlatforms) = preSolution
		Debug|Any CPU = Debug|Any CPU
		Release|Any CPU = Release|Any CPU
	EndGlobalSection
	GlobalSection(ProjectConfigurationPlatforms) = postSolution
		{33A9666B-57A0-490E-9F28-627CDECD83DC}.Debug|Any CPU.ActiveCfg = Debug|Any CPU
		{33A9666B-57A0-490E-9F28-627CDECD83DC}.Debug|Any CPU.Build.0 = Debug|Any CPU
		{33A9666B-57A0-490E-9F28-627CDECD83DC}.Release|Any CPU.ActiveCfg = Release|Any CPU
		{33A9666B-57A0-490E-9F28-627CDECD83DC}.Release|Any CPU.Build.0 = Release|Any CPU
		{A6892D60-3D37-4BB6-AAFC-F68AD32119C1}.Debug|Any CPU.ActiveCfg = Debug|Any CPU
		{A6892D60-3D37-4BB6-AAFC-F68AD32119C1}.Debug|Any CPU.Build.0 = Debug|Any CPU
		{A6892D60-3D37-4BB6-AAFC-F68AD32119C1}.Release|Any CPU.ActiveCfg = Release|Any CPU
		{A6892D60-3D37-4BB6-AAFC-F68AD32119C1}.Release|Any CPU.Build.0 = Release|Any CPU
	EndGlobalSection
	GlobalSection(SolutionProperties) = preSolution
		HideSolutionNode = FALSE
	EndGlobalSection
	GlobalSection(ExtensibilityGlobals) = postSolution
		SolutionGuid = {BDED212C-5B2B-4BA9-BB94-D1DA768BA22F}
	EndGlobalSection
EndGlobal
